{
  "nodes": {
    "flake-parts": {
      "inputs": {
        "nixpkgs-lib": [
          "neovim-nightly-overlay",
          "nixpkgs"
        ]
      },
      "locked": {
        "lastModified": 1772408722,
        "narHash": "sha256-rHuJtdcOjK7rAHpHphUb1iCvgkU3GpfvicLMwwnfMT0=",
        "owner": "hercules-ci",
        "repo": "flake-parts",
        "rev": "f20dc5d9b8027381c474144ecabc9034d6a839a3",
        "type": "github"
      },
      "original": {
        "owner": "hercules-ci",
        "repo": "flake-parts",
        "type": "github"
      }
    },
    "home-manager": {
      "inputs": {
        "nixpkgs": [
          "nixpkgs"
        ]
      },
      "locked": {
        "lastModified": 1773264488,
        "narHash": "sha256-rK0507bDuWBrZo+0zts9bCs/+RRUEHuvFE5DHWPxX/Q=",
        "owner": "nix-community",
        "repo": "home-manager",
        "rev": "5c0f63f8d55040a7eed69df7e3fcdd15dfb5a04c",
        "type": "github"
      },
      "original": {
        "owner": "nix-community",
        "ref": "release-25.11",
        "repo": "home-manager",
        "type": "github"
      }
    },
    "neovim-nightly-overlay": {
      "inputs": {
        "flake-parts": "flake-parts",
        "neovim-src": "neovim-src",
        "nixpkgs": "nixpkgs"
      },
      "locked": {
        "lastModified": 1773965157,
        "narHash": "sha256-u6Ceko/AQ30asd/P68Y7gD0x3LtsjiPwC31TlwVnsac=",
        "owner": "nix-community",
        "repo": "neovim-nightly-overlay",
        "rev": "7e711c5abd3b0ca9c0038606edeee6bcf09b055c",
        "type": "github"
      },
      "original": {
        "owner": "nix-community",
        "repo": "neovim-nightly-overlay",
        "type": "github"
      }
    },
    "neovim-src": {
      "flake": false,
      "locked": {
        "lastModified": 1773942472,
        "narHash": "sha256-VRtGTA4WWgrVrjZg+XrnRgMcbAa0EkYkWV5Wcn76/0g=",
        "owner": "neovim",
        "repo": "neovim",
        "rev": "06befe1e348bf540bb04a8c0cafe116616e71715",
        "type": "github"
      },
      "original": {
        "owner": "neovim",
        "repo": "neovim",
        "type": "github"
      }
    },
    "nixpkgs": {
      "locked": {
        "lastModified": 1773628058,
        "narHash": "sha256-hpXH0z3K9xv0fHaje136KY872VT2T5uwxtezlAskQgY=",
        "owner": "NixOS",
        "repo": "nixpkgs",
        "rev": "f8573b9c935cfaa162dd62cc9e75ae2db86f85df",
        "type": "github"
      },
      "original": {
        "owner": "NixOS",
        "ref": "nixpkgs-unstable",
        "repo": "nixpkgs",
        "type": "github"
      }
    },
    "nixpkgs_2": {
      "locked": {
        "lastModified": 1773068389,
        "narHash": "sha256-vMrm7Pk2hjBRPnCSjhq1pH0bg350Z+pXhqZ9ICiqqCs=",
        "owner": "nixos",
        "repo": "nixpkgs",
        "rev": "44bae273f9f82d480273bab26f5c50de3724f52f",
        "type": "github"
      },
      "original": {
        "owner": "nixos",
        "ref": "nixos-25.11",
        "repo": "nixpkgs",
        "type": "github"
      }
    },
    "root": {
      "inputs": {
        "home-manager": "home-manager",
        "neovim-nightly-overlay": "neovim-nightly-overlay",
        "nixpkgs": "nixpkgs_2"
      }
    }
  },
  "root": "root",
  "version": 7
}
